// !$*UTF8*$!
{
	archiveVersion = 1;
	classes = {
	};
	objectVersion = 50;
	objects = {

/* Begin PBXBuildFile section */
		4937AAFF21F584DB000E63DB /* AppDelegate.m in Sources */ = {isa = PBXBuildFile; fileRef = 4937AAFE21F584DB000E63DB /* AppDelegate.m */; };
		4937AB0521F584DB000E63DB /* Main.storyboard in Resources */ = {isa = PBXBuildFile; fileRef = 4937AB0321F584DB000E63DB /* Main.storyboard */; };
		4937AB0721F584DD000E63DB /* Assets.xcassets in Resources */ = {isa = PBXBuildFile; fileRef = 4937AB0621F584DD000E63DB /* Assets.xcassets */; };
		4937AB0A21F584DD000E63DB /* LaunchScreen.storyboard in Resources */ = {isa = PBXBuildFile; fileRef = 4937AB0821F584DD000E63DB /* LaunchScreen.storyboard */; };
		4937AB0D21F584DD000E63DB /* main.m in Sources */ = {isa = PBXBuildFile; fileRef = 4937AB0C21F584DD000E63DB /* main.m */; };
		4937AB1721F584DD000E63DB /* meetingroom_reserve_iPadTests.m in Sources */ = {isa = PBXBuildFile; fileRef = 4937AB1621F584DD000E63DB /* meetingroom_reserve_iPadTests.m */; };
		4937AB2221F584DD000E63DB /* meetingroom_reserve_iPadUITests.m in Sources */ = {isa = PBXBuildFile; fileRef = 4937AB2121F584DD000E63DB /* meetingroom_reserve_iPadUITests.m */; };
		49EDE53A21F58B5C003B4A16 /* HomePageVC.m in Sources */ = {isa = PBXBuildFile; fileRef = 49EDE53921F58B5C003B4A16 /* HomePageVC.m */; };
		49EDE54021F59079003B4A16 /* shadowView.m in Sources */ = {isa = PBXBuildFile; fileRef = 49EDE53F21F59079003B4A16 /* shadowView.m */; };
		49EDE54521F5A4CB003B4A16 /* SignInVC.m in Sources */ = {isa = PBXBuildFile; fileRef = 49EDE54421F5A4CB003B4A16 /* SignInVC.m */; };
/* End PBXBuildFile section */

/* Begin PBXContainerItemProxy section */
		4937AB1321F584DD000E63DB /* PBXContainerItemProxy */ = {
			isa = PBXContainerItemProxy;
			containerPortal = 4937AAF221F584DB000E63DB /* Project object */;
			proxyType = 1;
			remoteGlobalIDString = 4937AAF921F584DB000E63DB;
			remoteInfo = meetingroom_reserve_iPad;
		};
		4937AB1E21F584DD000E63DB /* PBXContainerItemProxy */ = {
			isa = PBXContainerItemProxy;
			containerPortal = 4937AAF221F584DB000E63DB /* Project object */;
			proxyType = 1;
			remoteGlobalIDString = 4937AAF921F584DB000E63DB;
			remoteInfo = meetingroom_reserve_iPad;
		};
/* End PBXContainerItemProxy section */

/* Begin PBXFileReference section */
		4937AAFA21F584DB000E63DB /* meetingroom_reserve_iPad.app */ = {isa = PBXFileReference; explicitFileType = wrapper.application; includeInIndex = 0; path = meetingroom_reserve_iPad.app; sourceTree = BUILT_PRODUCTS_DIR; };
		4937AAFD21F584DB000E63DB /* AppDelegate.h */ = {isa = PBXFileReference; lastKnownFileType = sourcecode.c.h; path = AppDelegate.h; sourceTree = "<group>"; };
		4937AAFE21F584DB000E63DB /* AppDelegate.m */ = {isa = PBXFileReference; lastKnownFileType = sourcecode.c.objc; path = AppDelegate.m; sourceTree = "<group>"; };
		4937AB0421F584DB000E63DB /* Base */ = {isa = PBXFileReference; lastKnownFileType = file.storyboard; name = Base; path = Base.lproj/Main.storyboard; sourceTree = "<group>"; };
		4937AB0621F584DD000E63DB /* Assets.xcassets */ = {isa = PBXFileReference; lastKnownFileType = folder.assetcatalog; path = Assets.xcassets; sourceTree = "<group>"; };
		4937AB0921F584DD000E63DB /* Base */ = {isa = PBXFileReference; lastKnownFileType = file.storyboard; name = Base; path = Base.lproj/LaunchScreen.storyboard; sourceTree = "<group>"; };
		4937AB0B21F584DD000E63DB /* Info.plist */ = {isa = PBXFileReference; lastKnownFileType = text.plist.xml; path = Info.plist; sourceTree = "<group>"; };
		4937AB0C21F584DD000E63DB /* main.m */ = {isa = PBXFileReference; lastKnownFileType = sourcecode.c.objc; path = main.m; sourceTree = "<group>"; };
		4937AB1221F584DD000E63DB /* meetingroom_reserve_iPadTests.xctest */ = {isa = PBXFileReference; explicitFileType = wrapper.cfbundle; includeInIndex = 0; path = meetingroom_reserve_iPadTests.xctest; sourceTree = BUILT_PRODUCTS_DIR; };
		4937AB1621F584DD000E63DB /* meetingroom_reserve_iPadTests.m */ = {isa = PBXFileReference; lastKnownFileType = sourcecode.c.objc; path = meetingroom_reserve_iPadTests.m; sourceTree = "<group>"; };
		4937AB1821F584DD000E63DB /* Info.plist */ = {isa = PBXFileReference; lastKnownFileType = text.plist.xml; path = Info.plist; sourceTree = "<group>"; };
		4937AB1D21F584DD000E63DB /* meetingroom_reserve_iPadUITests.xctest */ = {isa = PBXFileReference; explicitFileType = wrapper.cfbundle; includeInIndex = 0; path = meetingroom_reserve_iPadUITests.xctest; sourceTree = BUILT_PRODUCTS_DIR; };
		4937AB2121F584DD000E63DB /* meetingroom_reserve_iPadUITests.m */ = {isa = PBXFileReference; lastKnownFileType = sourcecode.c.objc; path = meetingroom_reserve_iPadUITests.m; sourceTree = "<group>"; };
		4937AB2321F584DD000E63DB /* Info.plist */ = {isa = PBXFileReference; lastKnownFileType = text.plist.xml; path = Info.plist; sourceTree = "<group>"; };
		49EDE53821F58B5C003B4A16 /* HomePageVC.h */ = {isa = PBXFileReference; lastKnownFileType = sourcecode.c.h; path = HomePageVC.h; sourceTree = "<group>"; };
		49EDE53921F58B5C003B4A16 /* HomePageVC.m */ = {isa = PBXFileReference; lastKnownFileType = sourcecode.c.objc; path = HomePageVC.m; sourceTree = "<group>"; };
		49EDE53E21F59079003B4A16 /* shadowView.h */ = {isa = PBXFileReference; lastKnownFileType = sourcecode.c.h; path = shadowView.h; sourceTree = "<group>"; };
		49EDE53F21F59079003B4A16 /* shadowView.m */ = {isa = PBXFileReference; lastKnownFileType = sourcecode.c.objc; path = shadowView.m; sourceTree = "<group>"; };
		49EDE54321F5A4CB003B4A16 /* SignInVC.h */ = {isa = PBXFileReference; lastKnownFileType = sourcecode.c.h; path = SignInVC.h; sourceTree = "<group>"; };
		49EDE54421F5A4CB003B4A16 /* SignInVC.m */ = {isa = PBXFileReference; lastKnownFileType = sourcecode.c.objc; path = SignInVC.m; sourceTree = "<group>"; };
/* End PBXFileReference section */

/* Begin PBXFrameworksBuildPhase section */
		4937AAF721F584DB000E63DB /* Frameworks */ = {
			isa = PBXFrameworksBuildPhase;
			buildActionMask = 2147483647;
			files = (
			);
			runOnlyForDeploymentPostprocessing = 0;
		};
		4937AB0F21F584DD000E63DB /* Frameworks */ = {
			isa = PBXFrameworksBuildPhase;
			buildActionMask = 2147483647;
			files = (
			);
			runOnlyForDeploymentPostprocessing = 0;
		};
		4937AB1A21F584DD000E63DB /* Frameworks */ = {
			isa = PBXFrameworksBuildPhase;
			buildActionMask = 2147483647;
			files = (
			);
			runOnlyForDeploymentPostprocessing = 0;
		};
/* End PBXFrameworksBuildPhase section */

/* Begin PBXGroup section */
		4937AAF121F584DB000E63DB = {
			isa = PBXGroup;
			children = (
				4937AAFC21F584DB000E63DB /* meetingroom_reserve_iPad */,
				4937AB1521F584DD000E63DB /* meetingroom_reserve_iPadTests */,
				4937AB2021F584DD000E63DB /* meetingroom_reserve_iPadUITests */,
				4937AAFB21F584DB000E63DB /* Products */,
			);
			sourceTree = "<group>";
		};
		4937AAFB21F584DB000E63DB /* Products */ = {
			isa = PBXGroup;
			children = (
				4937AAFA21F584DB000E63DB /* meetingroom_reserve_iPad.app */,
				4937AB1221F584DD000E63DB /* meetingroom_reserve_iPadTests.xctest */,
				4937AB1D21F584DD000E63DB /* meetingroom_reserve_iPadUITests.xctest */,
			);
			name = Products;
			sourceTree = "<group>";
		};
		4937AAFC21F584DB000E63DB /* meetingroom_reserve_iPad */ = {
			isa = PBXGroup;
			children = (
				49EDE54121F5A4AF003B4A16 /* SignIn */,
				49EDE53B21F5904F003B4A16 /* HomePage */,
				4937AAFD21F584DB000E63DB /* AppDelegate.h */,
				4937AAFE21F584DB000E63DB /* AppDelegate.m */,
				4937AB0321F584DB000E63DB /* Main.storyboard */,
				4937AB0621F584DD000E63DB /* Assets.xcassets */,
				4937AB0821F584DD000E63DB /* LaunchScreen.storyboard */,
				4937AB0B21F584DD000E63DB /* Info.plist */,
				4937AB0C21F584DD000E63DB /* main.m */,
			);
			path = meetingroom_reserve_iPad;
			sourceTree = "<group>";
		};
		4937AB1521F584DD000E63DB /* meetingroom_reserve_iPadTests */ = {
			isa = PBXGroup;
			children = (
				4937AB1621F584DD000E63DB /* meetingroom_reserve_iPadTests.m */,
				4937AB1821F584DD000E63DB /* Info.plist */,
			);
			path = meetingroom_reserve_iPadTests;
			sourceTree = "<group>";
		};
		4937AB2021F584DD000E63DB /* meetingroom_reserve_iPadUITests */ = {
			isa = PBXGroup;
			children = (
				4937AB2121F584DD000E63DB /* meetingroom_reserve_iPadUITests.m */,
				4937AB2321F584DD000E63DB /* Info.plist */,
			);
			path = meetingroom_reserve_iPadUITests;
			sourceTree = "<group>";
		};
		49EDE53B21F5904F003B4A16 /* HomePage */ = {
			isa = PBXGroup;
			children = (
				49EDE53D21F59060003B4A16 /* View */,
				49EDE53C21F59058003B4A16 /* Controller */,
			);
			path = HomePage;
			sourceTree = "<group>";
		};
		49EDE53C21F59058003B4A16 /* Controller */ = {
			isa = PBXGroup;
			children = (
				49EDE53821F58B5C003B4A16 /* HomePageVC.h */,
				49EDE53921F58B5C003B4A16 /* HomePageVC.m */,
			);
			path = Controller;
			sourceTree = "<group>";
		};
		49EDE53D21F59060003B4A16 /* View */ = {
			isa = PBXGroup;
			children = (
				49EDE53E21F59079003B4A16 /* shadowView.h */,
				49EDE53F21F59079003B4A16 /* shadowView.m */,
			);
			path = View;
			sourceTree = "<group>";
		};
		49EDE54121F5A4AF003B4A16 /* SignIn */ = {
			isa = PBXGroup;
			children = (
				49EDE54221F5A4B9003B4A16 /* Controller */,
			);
			path = SignIn;
			sourceTree = "<group>";
		};
		49EDE54221F5A4B9003B4A16 /* Controller */ = {
			isa = PBXGroup;
			children = (
				49EDE54321F5A4CB003B4A16 /* SignInVC.h */,
				49EDE54421F5A4CB003B4A16 /* SignInVC.m */,
			);
			path = Controller;
			sourceTree = "<group>";
		};
/* End PBXGroup section */

/* Begin PBXNativeTarget section */
		4937AAF921F584DB000E63DB /* meetingroom_reserve_iPad */ = {
			isa = PBXNativeTarget;
			buildConfigurationList = 4937AB2621F584DD000E63DB /* Build configuration list for PBXNativeTarget "meetingroom_reserve_iPad" */;
			buildPhases = (
				4937AAF621F584DB000E63DB /* Sources */,
				4937AAF721F584DB000E63DB /* Frameworks */,
				4937AAF821F584DB000E63DB /* Resources */,
			);
			buildRules = (
			);
			dependencies = (
			);
			name = meetingroom_reserve_iPad;
			productName = meetingroom_reserve_iPad;
			productReference = 4937AAFA21F584DB000E63DB /* meetingroom_reserve_iPad.app */;
			productType = "com.apple.product-type.application";
		};
		4937AB1121F584DD000E63DB /* meetingroom_reserve_iPadTests */ = {
			isa = PBXNativeTarget;
			buildConfigurationList = 4937AB2921F584DD000E63DB /* Build configuration list for PBXNativeTarget "meetingroom_reserve_iPadTests" */;
			buildPhases = (
				4937AB0E21F584DD000E63DB /* Sources */,
				4937AB0F21F584DD000E63DB /* Frameworks */,
				4937AB1021F584DD000E63DB /* Resources */,
			);
			buildRules = (
			);
			dependencies = (
				4937AB1421F584DD000E63DB /* PBXTargetDependency */,
			);
			name = meetingroom_reserve_iPadTests;
			productName = meetingroom_reserve_iPadTests;
			productReference = 4937AB1221F584DD000E63DB /* meetingroom_reserve_iPadTests.xctest */;
			productType = "com.apple.product-type.bundle.unit-test";
		};
		4937AB1C21F584DD000E63DB /* meetingroom_reserve_iPadUITests */ = {
			isa = PBXNativeTarget;
			buildConfigurationList = 4937AB2C21F584DD000E63DB /* Build configuration list for PBXNativeTarget "meetingroom_reserve_iPadUITests" */;
			buildPhases = (
				4937AB1921F584DD000E63DB /* Sources */,
				4937AB1A21F584DD000E63DB /* Frameworks */,
				4937AB1B21F584DD000E63DB /* Resources */,
			);
			buildRules = (
			);
			dependencies = (
				4937AB1F21F584DD000E63DB /* PBXTargetDependency */,
			);
			name = meetingroom_reserve_iPadUITests;
			productName = meetingroom_reserve_iPadUITests;
			productReference = 4937AB1D21F584DD000E63DB /* meetingroom_reserve_iPadUITests.xctest */;
			productType = "com.apple.product-type.bundle.ui-testing";
		};
/* End PBXNativeTarget section */

/* Begin PBXProject section */
		4937AAF221F584DB000E63DB /* Project object */ = {
			isa = PBXProject;
			attributes = {
				LastUpgradeCheck = 1010;
				ORGANIZATIONNAME = "张文轩";
				TargetAttributes = {
					4937AAF921F584DB000E63DB = {
						CreatedOnToolsVersion = 10.1;
					};
					4937AB1121F584DD000E63DB = {
						CreatedOnToolsVersion = 10.1;
						TestTargetID = 4937AAF921F584DB000E63DB;
					};
					4937AB1C21F584DD000E63DB = {
						CreatedOnToolsVersion = 10.1;
						TestTargetID = 4937AAF921F584DB000E63DB;
					};
				};
			};
			buildConfigurationList = 4937AAF521F584DB000E63DB /* Build configuration list for PBXProject "meetingroom_reserve_iPad" */;
			compatibilityVersion = "Xcode 9.3";
			developmentRegion = en;
			hasScannedForEncodings = 0;
			knownRegions = (
				en,
				Base,
			);
			mainGroup = 4937AAF121F584DB000E63DB;
			productRefGroup = 4937AAFB21F584DB000E63DB /* Products */;
			projectDirPath = "";
			projectRoot = "";
			targets = (
				4937AAF921F584DB000E63DB /* meetingroom_reserve_iPad */,
				4937AB1121F584DD000E63DB /* meetingroom_reserve_iPadTests */,
				4937AB1C21F584DD000E63DB /* meetingroom_reserve_iPadUITests */,
			);
		};
/* End PBXProject section */

/* Begin PBXResourcesBuildPhase section */
		4937AAF821F584DB000E63DB /* Resources */ = {
			isa = PBXResourcesBuildPhase;
			buildActionMask = 2147483647;
			files = (
				4937AB0A21F584DD000E63DB /* LaunchScreen.storyboard in Resources */,
				4937AB0721F584DD000E63DB /* Assets.xcassets in Resources */,
				4937AB0521F584DB000E63DB /* Main.storyboard in Resources */,
			);
			runOnlyForDeploymentPostprocessing = 0;
		};
		4937AB1021F584DD000E63DB /* Resources */ = {
			isa = PBXResourcesBuildPhase;
			buildActionMask = 2147483647;
			files = (
			);
			runOnlyForDeploymentPostprocessing = 0;
		};
		4937AB1B21F584DD000E63DB /* Resources */ = {
			isa = PBXResourcesBuildPhase;
			buildActionMask = 2147483647;
			files = (
			);
			runOnlyForDeploymentPostprocessing = 0;
		};
/* End PBXResourcesBuildPhase section */

/* Begin PBXSourcesBuildPhase section */
		4937AAF621F584DB000E63DB /* Sources */ = {
			isa = PBXSourcesBuildPhase;
			buildActionMask = 2147483647;
			files = (
				49EDE54021F59079003B4A16 /* shadowView.m in Sources */,
				4937AB0D21F584DD000E63DB /* main.m in Sources */,
				49EDE54521F5A4CB003B4A16 /* SignInVC.m in Sources */,
				49EDE53A21F58B5C003B4A16 /* HomePageVC.m in Sources */,
				4937AAFF21F584DB000E63DB /* AppDelegate.m in Sources */,
			);
			runOnlyForDeploymentPostprocessing = 0;
		};
		4937AB0E21F584DD000E63DB /* Sources */ = {
			isa = PBXSourcesBuildPhase;
			buildActionMask = 2147483647;
			files = (
				4937AB1721F584DD000E63DB /* meetingroom_reserve_iPadTests.m in Sources */,
			);
			runOnlyForDeploymentPostprocessing = 0;
		};
		4937AB1921F584DD000E63DB /* Sources */ = {
			isa = PBXSourcesBuildPhase;
			buildActionMask = 2147483647;
			files = (
				4937AB2221F584DD000E63DB /* meetingroom_reserve_iPadUITests.m in Sources */,
			);
			runOnlyForDeploymentPostprocessing = 0;
		};
/* End PBXSourcesBuildPhase section */

/* Begin PBXTargetDependency section */
		4937AB1421F584DD000E63DB /* PBXTargetDependency */ = {
			isa = PBXTargetDependency;
			target = 4937AAF921F584DB000E63DB /* meetingroom_reserve_iPad */;
			targetProxy = 4937AB1321F584DD000E63DB /* PBXContainerItemProxy */;
		};
		4937AB1F21F584DD000E63DB /* PBXTargetDependency */ = {
			isa = PBXTargetDependency;
			target = 4937AAF921F584DB000E63DB /* meetingroom_reserve_iPad */;
			targetProxy = 4937AB1E21F584DD000E63DB /* PBXContainerItemProxy */;
		};
/* End PBXTargetDependency section */

/* Begin PBXVariantGroup section */
		4937AB0321F584DB000E63DB /* Main.storyboard */ = {
			isa = PBXVariantGroup;
			children = (
				4937AB0421F584DB000E63DB /* Base */,
			);
			name = Main.storyboard;
			sourceTree = "<group>";
		};
		4937AB0821F584DD000E63DB /* LaunchScreen.storyboard */ = {
			isa = PBXVariantGroup;
			children = (
				4937AB0921F584DD000E63DB /* Base */,
			);
			name = LaunchScreen.storyboard;
			sourceTree = "<group>";
		};
/* End PBXVariantGroup section */

/* Begin XCBuildConfiguration section */
		4937AB2421F584DD000E63DB /* Debug */ = {
			isa = XCBuildConfiguration;
			buildSettings = {
				ALWAYS_SEARCH_USER_PATHS = NO;
				CLANG_ANALYZER_NONNULL = YES;
				CLANG_ANALYZER_NUMBER_OBJECT_CONVERSION = YES_AGGRESSIVE;
				CLANG_CXX_LANGUAGE_STANDARD = "gnu++14";
				CLANG_CXX_LIBRARY = "libc++";
				CLANG_ENABLE_MODULES = YES;
				CLANG_ENABLE_OBJC_ARC = YES;
				CLANG_ENABLE_OBJC_WEAK = YES;
				CLANG_WARN_BLOCK_CAPTURE_AUTORELEASING = YES;
				CLANG_WARN_BOOL_CONVERSION = YES;
				CLANG_WARN_COMMA = YES;
				CLANG_WARN_CONSTANT_CONVERSION = YES;
				CLANG_WARN_DEPRECATED_OBJC_IMPLEMENTATIONS = YES;
				CLANG_WARN_DIRECT_OBJC_ISA_USAGE = YES_ERROR;
				CLANG_WARN_DOCUMENTATION_COMMENTS = YES;
				CLANG_WARN_EMPTY_BODY = YES;
				CLANG_WARN_ENUM_CONVERSION = YES;
				CLANG_WARN_INFINITE_RECURSION = YES;
				CLANG_WARN_INT_CONVERSION = YES;
				CLANG_WARN_NON_LITERAL_NULL_CONVERSION = YES;
				CLANG_WARN_OBJC_IMPLICIT_RETAIN_SELF = YES;
				CLANG_WARN_OBJC_LITERAL_CONVERSION = YES;
				CLANG_WARN_OBJC_ROOT_CLASS = YES_ERROR;
				CLANG_WARN_RANGE_LOOP_ANALYSIS = YES;
				CLANG_WARN_STRICT_PROTOTYPES = YES;
				CLANG_WARN_SUSPICIOUS_MOVE = YES;
				CLANG_WARN_UNGUARDED_AVAILABILITY = YES_AGGRESSIVE;
				CLANG_WARN_UNREACHABLE_CODE = YES;
				CLANG_WARN__DUPLICATE_METHOD_MATCH = YES;
				CODE_SIGN_IDENTITY = "iPhone Developer";
				COPY_PHASE_STRIP = NO;
				DEBUG_INFORMATION_FORMAT = dwarf;
				ENABLE_STRICT_OBJC_MSGSEND = YES;
				ENABLE_TESTABILITY = YES;
				GCC_C_LANGUAGE_STANDARD = gnu11;
				GCC_DYNAMIC_NO_PIC = NO;
				GCC_NO_COMMON_BLOCKS = YES;
				GCC_OPTIMIZATION_LEVEL = 0;
				GCC_PREPROCESSOR_DEFINITIONS = (
					"DEBUG=1",
					"$(inherited)",
				);
				GCC_WARN_64_TO_32_BIT_CONVERSION = YES;
				GCC_WARN_ABOUT_RETURN_TYPE = YES_ERROR;
				GCC_WARN_UNDECLARED_SELECTOR = YES;
				GCC_WARN_UNINITIALIZED_AUTOS = YES_AGGRESSIVE;
				GCC_WARN_UNUSED_FUNCTION = YES;
				GCC_WARN_UNUSED_VARIABLE = YES;
				IPHONEOS_DEPLOYMENT_TARGET = 12.1;
				MTL_ENABLE_DEBUG_INFO = INCLUDE_SOURCE;
				MTL_FAST_MATH = YES;
				ONLY_ACTIVE_ARCH = YES;
				SDKROOT = iphoneos;
			};
			name = Debug;
		};
		4937AB2521F584DD000E63DB /* Release */ = {
			isa = XCBuildConfiguration;
			buildSettings = {
				ALWAYS_SEARCH_USER_PATHS = NO;
				CLANG_ANALYZER_NONNULL = YES;
				CLANG_ANALYZER_NUMBER_OBJECT_CONVERSION = YES_AGGRESSIVE;
				CLANG_CXX_LANGUAGE_STANDARD = "gnu++14";
				CLANG_CXX_LIBRARY = "libc++";
				CLANG_ENABLE_MODULES = YES;
				CLANG_ENABLE_OBJC_ARC = YES;
				CLANG_ENABLE_OBJC_WEAK = YES;
				CLANG_WARN_BLOCK_CAPTURE_AUTORELEASING = YES;
				CLANG_WARN_BOOL_CONVERSION = YES;
				CLANG_WARN_COMMA = YES;
				CLANG_WARN_CONSTANT_CONVERSION = YES;
				CLANG_WARN_DEPRECATED_OBJC_IMPLEMENTATIONS = YES;
				CLANG_WARN_DIRECT_OBJC_ISA_USAGE = YES_ERROR;
				CLANG_WARN_DOCUMENTATION_COMMENTS = YES;
				CLANG_WARN_EMPTY_BODY = YES;
				CLANG_WARN_ENUM_CONVERSION = YES;
				CLANG_WARN_INFINITE_RECURSION = YES;
				CLANG_WARN_INT_CONVERSION = YES;
				CLANG_WARN_NON_LITERAL_NULL_CONVERSION = YES;
				CLANG_WARN_OBJC_IMPLICIT_RETAIN_SELF = YES;
				CLANG_WARN_OBJC_LITERAL_CONVERSION = YES;
				CLANG_WARN_OBJC_ROOT_CLASS = YES_ERROR;
				CLANG_WARN_RANGE_LOOP_ANALYSIS = YES;
				CLANG_WARN_STRICT_PROTOTYPES = YES;
				CLANG_WARN_SUSPICIOUS_MOVE = YES;
				CLANG_WARN_UNGUARDED_AVAILABILITY = YES_AGGRESSIVE;
				CLANG_WARN_UNREACHABLE_CODE = YES;
				CLANG_WARN__DUPLICATE_METHOD_MATCH = YES;
				CODE_SIGN_IDENTITY = "iPhone Developer";
				COPY_PHASE_STRIP = NO;
				DEBUG_INFORMATION_FORMAT = "dwarf-with-dsym";
				ENABLE_NS_ASSERTIONS = NO;
				ENABLE_STRICT_OBJC_MSGSEND = YES;
				GCC_C_LANGUAGE_STANDARD = gnu11;
				GCC_NO_COMMON_BLOCKS = YES;
				GCC_WARN_64_TO_32_BIT_CONVERSION = YES;
				GCC_WARN_ABOUT_RETURN_TYPE = YES_ERROR;
				GCC_WARN_UNDECLARED_SELECTOR = YES;
				GCC_WARN_UNINITIALIZED_AUTOS = YES_AGGRESSIVE;
				GCC_WARN_UNUSED_FUNCTION = YES;
				GCC_WARN_UNUSED_VARIABLE = YES;
				IPHONEOS_DEPLOYMENT_TARGET = 12.1;
				MTL_ENABLE_DEBUG_INFO = NO;
				MTL_FAST_MATH = YES;
				SDKROOT = iphoneos;
				VALIDATE_PRODUCT = YES;
			};
			name = Release;
		};
		4937AB2721F584DD000E63DB /* Debug */ = {
			isa = XCBuildConfiguration;
			buildSettings = {
				ASSETCATALOG_COMPILER_APPICON_NAME = AppIcon;
				CODE_SIGN_STYLE = Automatic;
				DEVELOPMENT_TEAM = 4ZPEDND434;
				INFOPLIST_FILE = meetingroom_reserve_iPad/Info.plist;
				IPHONEOS_DEPLOYMENT_TARGET = 9.0;
				LD_RUNPATH_SEARCH_PATHS = (
					"$(inherited)",
					"@executable_path/Frameworks",
				);
				PRODUCT_BUNDLE_IDENTIFIER = "zwx.meetingroom-reserve-iPad";
				PRODUCT_NAME = "$(TARGET_NAME)";
				TARGETED_DEVICE_FAMILY = 2;
			};
			name = Debug;
		};
		4937AB2821F584DD000E63DB /* Release */ = {
			isa = XCBuildConfiguration;
			buildSettings = {
				ASSETCATALOG_COMPILER_APPICON_NAME = AppIcon;
				CODE_SIGN_STYLE = Automatic;
				DEVELOPMENT_TEAM = 4ZPEDND434;
				INFOPLIST_FILE = meetingroom_reserve_iPad/Info.plist;
				IPHONEOS_DEPLOYMENT_TARGET = 9.0;
				LD_RUNPATH_SEARCH_PATHS = (
					"$(inherited)",
					"@executable_path/Frameworks",
				);
				PRODUCT_BUNDLE_IDENTIFIER = "zwx.meetingroom-reserve-iPad";
				PRODUCT_NAME = "$(TARGET_NAME)";
				TARGETED_DEVICE_FAMILY = 2;
			};
			name = Release;
		};
		4937AB2A21F584DD000E63DB /* Debug */ = {
			isa = XCBuildConfiguration;
			buildSettings = {
				BUNDLE_LOADER = "$(TEST_HOST)";
				CODE_SIGN_STYLE = Automatic;
				DEVELOPMENT_TEAM = 4ZPEDND434;
				INFOPLIST_FILE = meetingroom_reserve_iPadTests/Info.plist;
				LD_RUNPATH_SEARCH_PATHS = (
					"$(inherited)",
					"@executable_path/Frameworks",
					"@loader_path/Frameworks",
				);
				PRODUCT_BUNDLE_IDENTIFIER = "zwx.meetingroom-reserve-iPadTests";
				PRODUCT_NAME = "$(TARGET_NAME)";
				TARGETED_DEVICE_FAMILY = "1,2";
				TEST_HOST = "$(BUILT_PRODUCTS_DIR)/meetingroom_reserve_iPad.app/meetingroom_reserve_iPad";
			};
			name = Debug;
		};
		4937AB2B21F584DD000E63DB /* Release */ = {
			isa = XCBuildConfiguration;
			buildSettings = {
				BUNDLE_LOADER = "$(TEST_HOST)";
				CODE_SIGN_STYLE = Automatic;
				DEVELOPMENT_TEAM = 4ZPEDND434;
				INFOPLIST_FILE = meetingroom_reserve_iPadTests/Info.plist;
				LD_RUNPATH_SEARCH_PATHS = (
					"$(inherited)",
					"@executable_path/Frameworks",
					"@loader_path/Frameworks",
				);
				PRODUCT_BUNDLE_IDENTIFIER = "zwx.meetingroom-reserve-iPadTests";
				PRODUCT_NAME = "$(TARGET_NAME)";
				TARGETED_DEVICE_FAMILY = "1,2";
				TEST_HOST = "$(BUILT_PRODUCTS_DIR)/meetingroom_reserve_iPad.app/meetingroom_reserve_iPad";
			};
			name = Release;
		};
		4937AB2D21F584DD000E63DB /* Debug */ = {
			isa = XCBuildConfiguration;
			buildSettings = {
				CODE_SIGN_STYLE = Automatic;
				DEVELOPMENT_TEAM = 4ZPEDND434;
				INFOPLIST_FILE = meetingroom_reserve_iPadUITests/Info.plist;
				LD_RUNPATH_SEARCH_PATHS = (
					"$(inherited)",
					"@executable_path/Frameworks",
					"@loader_path/Frameworks",
				);
				PRODUCT_BUNDLE_IDENTIFIER = "zwx.meetingroom-reserve-iPadUITests";
				PRODUCT_NAME = "$(TARGET_NAME)";
				TARGETED_DEVICE_FAMILY = "1,2";
				TEST_TARGET_NAME = meetingroom_reserve_iPad;
			};
			name = Debug;
		};
		4937AB2E21F584DD000E63DB /* Release */ = {
			isa = XCBuildConfiguration;
			buildSettings = {
				CODE_SIGN_STYLE = Automatic;
				DEVELOPMENT_TEAM = 4ZPEDND434;
				INFOPLIST_FILE = meetingroom_reserve_iPadUITests/Info.plist;
				LD_RUNPATH_SEARCH_PATHS = (
					"$(inherited)",
					"@executable_path/Frameworks",
					"@loader_path/Frameworks",
				);
				PRODUCT_BUNDLE_IDENTIFIER = "zwx.meetingroom-reserve-iPadUITests";
				PRODUCT_NAME = "$(TARGET_NAME)";
				TARGETED_DEVICE_FAMILY = "1,2";
				TEST_TARGET_NAME = meetingroom_reserve_iPad;
			};
			name = Release;
		};
/* End XCBuildConfiguration section */

/* Begin XCConfigurationList section */
		4937AAF521F584DB000E63DB /* Build configuration list for PBXProject "meetingroom_reserve_iPad" */ = {
			isa = XCConfigurationList;
			buildConfigurations = (
				4937AB2421F584DD000E63DB /* Debug */,
				4937AB2521F584DD000E63DB /* Release */,
			);
			defaultConfigurationIsVisible = 0;
			defaultConfigurationName = Release;
		};
		4937AB2621F584DD000E63DB /* Build configuration list for PBXNativeTarget "meetingroom_reserve_iPad" */ = {
			isa = XCConfigurationList;
			buildConfigurations = (
				4937AB2721F584DD000E63DB /* Debug */,
				4937AB2821F584DD000E63DB /* Release */,
			);
			defaultConfigurationIsVisible = 0;
			defaultConfigurationName = Release;
		};
		4937AB2921F584DD000E63DB /* Build configuration list for PBXNativeTarget "meetingroom_reserve_iPadTests" */ = {
			isa = XCConfigurationList;
			buildConfigurations = (
				4937AB2A21F584DD000E63DB /* Debug */,
				4937AB2B21F584DD000E63DB /* Release */,
			);
			defaultConfigurationIsVisible = 0;
			defaultConfigurationName = Release;
		};
		4937AB2C21F584DD000E63DB /* Build configuration list for PBXNativeTarget "meetingroom_reserve_iPadUITests" */ = {
			isa = XCConfigurationList;
			buildConfigurations = (
				4937AB2D21F584DD000E63DB /* Debug */,
				4937AB2E21F584DD000E63DB /* Release */,
			);
			defaultConfigurationIsVisible = 0;
			defaultConfigurationName = Release;
		};
/* End XCConfigurationList section */
	};
	rootObject = 4937AAF221F584DB000E63DB /* Project object */;
}
